
Microsoft Visual Studio Solution File, Format Version 11.00
# Visual Studio 2010
Project("{FAE04EC0-301F-11D3-BF4B-00C04F79EFBC}") = "Unity.2D.Tilemap.Extras", "Unity.2D.Tilemap.Extras.csproj", "{DD85F6EC-2FED-AE9E-F3B5-1488BE25EBB3}"
EndProject
Project("{FAE04EC0-301F-11D3-BF4B-00C04F79EFBC}") = "Assembly-CSharp", "Assembly-CSharp.csproj", "{9E1706E8-D45D-12F4-AF10-D2B2250C5685}"
EndProject
Project("{FAE04EC0-301F-11D3-BF4B-00C04F79EFBC}") = "Unity.2D.Tilemap.Extras.Editor", "Unity.2D.Tilemap.Extras.Editor.csproj", "{2D3F307A-87D8-8B8D-2D2C-52613F7149CD}"
EndProject
Project("{FAE04EC0-301F-11D3-BF4B-00C04F79EFBC}") = "Unity.2D.Tilemap.Extras.Placeholder.EditorTests", "Unity.2D.Tilemap.Extras.Placeholder.EditorTests.csproj", "{8C0116E4-95AC-F5C6-D781-146853E8E49C}"
EndProject
Global
	GlobalSection(SolutionConfigurationPlatforms) = preSolution
		Debug|Any CPU = Debug|Any CPU
		Release|Any CPU = Release|Any CPU
	EndGlobalSection
	GlobalSection(ProjectConfigurationPlatforms) = postSolution
		{DD85F6EC-2FED-AE9E-F3B5-1488BE25EBB3}.Debug|Any CPU.ActiveCfg = Debug|Any CPU
		{DD85F6EC-2FED-AE9E-F3B5-1488BE25EBB3}.Debug|Any CPU.Build.0 = Debug|Any CPU
		{DD85F6EC-2FED-AE9E-F3B5-1488BE25EBB3}.Release|Any CPU.ActiveCfg = Release|Any CPU
		{DD85F6EC-2FED-AE9E-F3B5-1488BE25EBB3}.Release|Any CPU.Build.0 = Release|Any CPU
		{9E1706E8-D45D-12F4-AF10-D2B2250C5685}.Debug|Any CPU.ActiveCfg = Debug|Any CPU
		{9E1706E8-D45D-12F4-AF10-D2B2250C5685}.Debug|Any CPU.Build.0 = Debug|Any CPU
		{9E1706E8-D45D-12F4-AF10-D2B2250C5685}.Release|Any CPU.ActiveCfg = Release|Any CPU
		{9E1706E8-D45D-12F4-AF10-D2B2250C5685}.Release|Any CPU.Build.0 = Release|Any CPU
		{2D3F307A-87D8-8B8D-2D2C-52613F7149CD}.Debug|Any CPU.ActiveCfg = Debug|Any CPU
		{2D3F307A-87D8-8B8D-2D2C-52613F7149CD}.Debug|Any CPU.Build.0 = Debug|Any CPU
		{2D3F307A-87D8-8B8D-2D2C-52613F7149CD}.Release|Any CPU.ActiveCfg = Release|Any CPU
		{2D3F307A-87D8-8B8D-2D2C-52613F7149CD}.Release|Any CPU.Build.0 = Release|Any CPU
		{8C0116E4-95AC-F5C6-D781-146853E8E49C}.Debug|Any CPU.ActiveCfg = Debug|Any CPU
		{8C0116E4-95AC-F5C6-D781-146853E8E49C}.Debug|Any CPU.Build.0 = Debug|Any CPU
		{8C0116E4-95AC-F5C6-D781-146853E8E49C}.Release|Any CPU.ActiveCfg = Release|Any CPU
		{8C0116E4-95AC-F5C6-D781-146853E8E49C}.Release|Any CPU.Build.0 = Release|Any CPU
	EndGlobalSection
	GlobalSection(SolutionProperties) = preSolution
		HideSolutionNode = FALSE
	EndGlobalSection
EndGlobal
